
Microsoft Visual Studio Solution File, Format Version 12.00
# Visual Studio Version 17
VisualStudioVersion = 17.2.32630.192
MinimumVisualStudioVersion = 10.0.40219.1
Project("{FAE04EC0-301F-11D3-BF4B-00C04F79EFBC}") = "FileWatcherService", "FileWatcherService\FileWatcherService.csproj", "{7B345885-1EC6-4934-BA7D-192F662E1DDA}"
EndProject
Global
	GlobalSection(SolutionConfigurationPlatforms) = preSolution
		Debug|Any CPU = Debug|Any CPU
		Release|Any CPU = Release|Any CPU
	EndGlobalSection
	GlobalSection(ProjectConfigurationPlatforms) = postSolution
		{7B345885-1EC6-4934-BA7D-192F662E1DDA}.Debug|Any CPU.ActiveCfg = Debug|Any CPU
		{7B345885-1EC6-4934-BA7D-192F662E1DDA}.Debug|Any CPU.Build.0 = Debug|Any CPU
		{7B345885-1EC6-4934-BA7D-192F662E1DDA}.Release|Any CPU.ActiveCfg = Release|Any CPU
		{7B345885-1EC6-4934-BA7D-192F662E1DDA}.Release|Any CPU.Build.0 = Release|Any CPU
	EndGlobalSection
	GlobalSection(SolutionProperties) = preSolution
		HideSolutionNode = FALSE
	EndGlobalSection
	GlobalSection(ExtensibilityGlobals) = postSolution
		SolutionGuid = {0FFA8E71-2C7C-4924-BC98-589B7894B444}
	EndGlobalSection
EndGlobal
